
Microsoft Visual Studio Solution File, Format Version 12.00
# Visual Studio 15
VisualStudioVersion = 15.0.26730.10
MinimumVisualStudioVersion = 10.0.40219.1
Project("{8BC9CEB8-8B4A-11D0-8D11-00A0C91BC942}") = "DMPlayGames", "DMPlayGames\DMPlayGames.vcxproj", "{88EE08FA-5B8B-499E-9882-B9A6D436DB3C}"
EndProject
Global
	GlobalSection(SolutionConfigurationPlatforms) = preSolution
		Debug|x64 = Debug|x64
		Debug|x86 = Debug|x86
		Release|x64 = Release|x64
		Release|x86 = Release|x86
	EndGlobalSection
	GlobalSection(ProjectConfigurationPlatforms) = postSolution
		{88EE08FA-5B8B-499E-9882-B9A6D436DB3C}.Debug|x64.ActiveCfg = Debug|x64
		{88EE08FA-5B8B-499E-9882-B9A6D436DB3C}.Debug|x64.Build.0 = Debug|x64
		{88EE08FA-5B8B-499E-9882-B9A6D436DB3C}.Debug|x86.ActiveCfg = Debug|Win32
		{88EE08FA-5B8B-499E-9882-B9A6D436DB3C}.Debug|x86.Build.0 = Debug|Win32
		{88EE08FA-5B8B-499E-9882-B9A6D436DB3C}.Release|x64.ActiveCfg = Release|x64
		{88EE08FA-5B8B-499E-9882-B9A6D436DB3C}.Release|x64.Build.0 = Release|x64
		{88EE08FA-5B8B-499E-9882-B9A6D436DB3C}.Release|x86.ActiveCfg = Release|Win32
		{88EE08FA-5B8B-499E-9882-B9A6D436DB3C}.Release|x86.Build.0 = Release|Win32
	EndGlobalSection
	GlobalSection(SolutionProperties) = preSolution
		HideSolutionNode = FALSE
	EndGlobalSection
	GlobalSection(ExtensibilityGlobals) = postSolution
		SolutionGuid = {8668CA6A-58A0-44F5-ABFA-1CDEEA7EA17C}
	EndGlobalSection
EndGlobal
